{
  "name": "docs-dev-instance-seed",
  "lockfileVersion": 3,
  "requires": true,
  "packages": {
    "": {
      "name": "docs-dev-instance-seed",
      "dependencies": {
        "@blocknote/core": "https://pkg.pr.new/TypeCellOS/BlockNote/@blocknote/core@bb192fe8fc",
        "@y/prosemirror": "2.0.0-14",
        "@y/protocols": "1.0.6-rc.1",
        "@y/y": "14.0.0-rc.28",
        "lib0": "1.0.0-rc.36"
      }
    },
    "node_modules/@blocknote/core": {
      "version": "0.55.0",
      "resolved": "https://pkg.pr.new/TypeCellOS/BlockNote/@blocknote/core@bb192fe8fc",
      "integrity": "sha512-uxuA/QEckkOmI+Hye1kIIyyd9YIqcSm+mj95uccd7WeV6zAKyYkRcW69v/TObyfZ4c+k+sGcKBKzN7teiEhXkw==",
      "license": "MPL-2.0",
      "dependencies": {
        "@emoji-mart/data": "^1.2.1",
        "@handlewithcare/prosemirror-inputrules": "^0.1.4",
        "@shikijs/types": "^4.4.3",
        "@tiptap/core": "^3.31.3",
        "@tiptap/extension-bold": "^3.31.3",
        "@tiptap/extension-code": "^3.31.3",
        "@tiptap/extension-italic": "^3.31.3",
        "@tiptap/extension-strike": "^3.31.3",
        "@tiptap/extension-text": "^3.31.3",
        "@tiptap/extension-underline": "^3.31.3",
        "@tiptap/extensions": "^3.31.3",
        "@tiptap/pm": "^3.31.3",
        "emoji-mart": "^5.6.0",
        "fast-deep-equal": "^3.1.3",
        "lib0": "1.0.0-rc.36",
        "prosemirror-highlight": "^0.15.3",
        "prosemirror-model": "^1.25.11",
        "prosemirror-state": "^1.4.4",
        "prosemirror-tables": "^1.8.5",
        "prosemirror-transform": "^1.12.1",
        "prosemirror-view": "^1.42.5"
      },
      "peerDependencies": {
        "@y/prosemirror": "^2.0.0-14",
        "@y/protocols": "^1.0.6-rc.1",
        "@y/y": "^14.0.0-rc.26",
        "y-prosemirror": "^1.3.7",
        "y-protocols": "^1.0.6",
        "yjs": "^13.6.33"
      },
      "peerDependenciesMeta": {
        "@y/prosemirror": {
          "optional": true
        },
        "@y/protocols": {
          "optional": true
        },
        "@y/y": {
          "optional": true
        },
        "y-prosemirror": {
          "optional": true
        },
        "y-protocols": {
          "optional": true
        },
        "yjs": {
          "optional": true
        }
      }
    },
    "node_modules/@emoji-mart/data": {
      "version": "1.2.1",
      "resolved": "https://registry.npmjs.org/@emoji-mart/data/-/data-1.2.1.tgz",
      "integrity": "sha512-no2pQMWiBy6gpBEiqGeU77/bFejDqUTRY7KX+0+iur13op3bqUsXdnwoZs6Xb1zbv0gAj5VvS1PWoUUckSr5Dw==",
      "license": "MIT"
    },
    "node_modules/@handlewithcare/prosemirror-inputrules": {
      "version": "0.1.4",
      "resolved": "https://registry.npmjs.org/@handlewithcare/prosemirror-inputrules/-/prosemirror-inputrules-0.1.4.tgz",
      "integrity": "sha512-GMqlBeG2MKM+tXEFd2N+wIv5z4VvJTg8JtfJUrdjvFq2W6v+AW8oTgiWyFw8L3iEQwvtQcVJxU873iB0LXUNNw==",
      "license": "MIT",
      "dependencies": {
        "prosemirror-history": "^1.4.1",
        "prosemirror-transform": "^1.0.0"
      },
      "peerDependencies": {
        "prosemirror-model": "^1.0.0",
        "prosemirror-state": "^1.0.0",
        "prosemirror-view": "^1.0.0"
      }
    },
    "node_modules/@shikijs/types": {
      "version": "4.5.0",
      "resolved": "https://registry.npmjs.org/@shikijs/types/-/types-4.5.0.tgz",
      "integrity": "sha512-drtPrtD8N0DENyD2cyt6Ajy+IWsiCLgMxODwLTpvH1UsN6a9jf90tNTPjqwHvA+0Lzu9e0txk8DjfqH1p9UJRw==",
      "license": "MIT",
      "dependencies": {
        "@shikijs/vscode-textmate": "^10.0.2",
        "@types/hast": "^3.0.5"
      },
      "engines": {
        "node": ">=20"
      }
    },
    "node_modules/@shikijs/vscode-textmate": {
      "version": "10.0.2",
      "resolved": "https://registry.npmjs.org/@shikijs/vscode-textmate/-/vscode-textmate-10.0.2.tgz",
      "integrity": "sha512-83yeghZ2xxin3Nj8z1NMd/NCuca+gsYXswywDy5bHvwlWL8tpTQmzGeUuHd9FC3E/SBEMvzJRwWEOz5gGes9Qg==",
      "license": "MIT"
    },
    "node_modules/@tiptap/core": {
      "version": "3.31.4",
      "resolved": "https://registry.npmjs.org/@tiptap/core/-/core-3.31.4.tgz",
      "integrity": "sha512-cIVUQYBycighzsk6GbmCef8ZiEDVxoT5EuAe4xg2q9dNkDqCXVqI4YGr9aavCQEiAS4uHiRwqvcsPqJHipFDfg==",
      "license": "MIT",
      "funding": {
        "type": "github",
        "url": "https://github.com/sponsors/ueberdosis"
      },
      "peerDependencies": {
        "@tiptap/pm": "3.31.4"
      }
    },
    "node_modules/@tiptap/extension-bold": {
      "version": "3.31.4",
      "resolved": "https://registry.npmjs.org/@tiptap/extension-bold/-/extension-bold-3.31.4.tgz",
      "integrity": "sha512-QX1xoXvO0gz6uVsoLegumqQ4MJXL7lcUDQZ4J7la7LBqiIh4efrCmp2EXbhpr37M/YQL7w8q3g7H/VovSh7xIg==",
      "license": "MIT",
      "funding": {
        "type": "github",
        "url": "https://github.com/sponsors/ueberdosis"
      },
      "peerDependencies": {
        "@tiptap/core": "3.31.4"
      }
    },
    "node_modules/@tiptap/extension-code": {
      "version": "3.31.4",
      "resolved": "https://registry.npmjs.org/@tiptap/extension-code/-/extension-code-3.31.4.tgz",
      "integrity": "sha512-pzi8GNDs5J1DEoO1HNYiJ5WZpgOZzlc/2VIa77mMpEuD4hZxuK0BQzlF/O6Ps/O5P1lGJT4xS0Yowpzb9mD9RA==",
      "license": "MIT",
      "funding": {
        "type": "github",
        "url": "https://github.com/sponsors/ueberdosis"
      },
      "peerDependencies": {
        "@tiptap/core": "3.31.4"
      }
    },
    "node_modules/@tiptap/extension-italic": {
      "version": "3.31.4",
      "resolved": "https://registry.npmjs.org/@tiptap/extension-italic/-/extension-italic-3.31.4.tgz",
      "integrity": "sha512-pftTQBPYZocNDAj/u6OyDIp7YxmN0+N895cQPogJQ6qMHdLiRhzgawiEewJkniyN1w8k3Wx/Etp8pTKrxaOOBQ==",
      "license": "MIT",
      "funding": {
        "type": "github",
        "url": "https://github.com/sponsors/ueberdosis"
      },
      "peerDependencies": {
        "@tiptap/core": "3.31.4"
      }
    },
    "node_modules/@tiptap/extension-strike": {
      "version": "3.31.4",
      "resolved": "https://registry.npmjs.org/@tiptap/extension-strike/-/extension-strike-3.31.4.tgz",
      "integrity": "sha512-4MBr63TJIMqxCjE+gAPdlY1IdELgvbAP516K3Ntn/BkcpEbEoPMEYVz+XTxULyHQEuARDO6jsXPPxRXpA74jaw==",
      "license": "MIT",
      "funding": {
        "type": "github",
        "url": "https://github.com/sponsors/ueberdosis"
      },
      "peerDependencies": {
        "@tiptap/core": "3.31.4"
      }
    },
    "node_modules/@tiptap/extension-text": {
      "version": "3.31.4",
      "resolved": "https://registry.npmjs.org/@tiptap/extension-text/-/extension-text-3.31.4.tgz",
      "integrity": "sha512-WL2ZRpFksgQcXJN05/UQH09YCH9LlhdLrSEcviASvEH/aAfsKiJlDrouN8PET+YAWK/F5xFc5/Q1z0xj+I23jw==",
      "license": "MIT",
      "funding": {
        "type": "github",
        "url": "https://github.com/sponsors/ueberdosis"
      },
      "peerDependencies": {
        "@tiptap/core": "3.31.4"
      }
    },
    "node_modules/@tiptap/extension-underline": {
      "version": "3.31.4",
      "resolved": "https://registry.npmjs.org/@tiptap/extension-underline/-/extension-underline-3.31.4.tgz",
      "integrity": "sha512-0iFGPIqmqGkCrOFh1OPo7Dzv5s86dVN3bZaugsz0jK04otkb8bn04ZDKP2/6Wq+lcK0M9DfJ0QqfW5hC2nBZxQ==",
      "license": "MIT",
      "funding": {
        "type": "github",
        "url": "https://github.com/sponsors/ueberdosis"
      },
      "peerDependencies": {
        "@tiptap/core": "3.31.4"
      }
    },
    "node_modules/@tiptap/extensions": {
      "version": "3.31.4",
      "resolved": "https://registry.npmjs.org/@tiptap/extensions/-/extensions-3.31.4.tgz",
      "integrity": "sha512-nIupIne/sHpV2Kw1M4MOmr4+G454KI8BXM5+LWKOU2EpzfALZWVSy7koF9lVRna4Zp5Gv8hfg5Z8kvmrYQvhkw==",
      "license": "MIT",
      "funding": {
        "type": "github",
        "url": "https://github.com/sponsors/ueberdosis"
      },
      "peerDependencies": {
        "@tiptap/core": "3.31.4",
        "@tiptap/pm": "3.31.4"
      }
    },
    "node_modules/@tiptap/pm": {
      "version": "3.31.4",
      "resolved": "https://registry.npmjs.org/@tiptap/pm/-/pm-3.31.4.tgz",
      "integrity": "sha512-x7dwth79cQp4QGae66/RJqMDJQv0+n7b7dD7cyFQBWqzPFLJxN/4paHY4qbWedZjNLhRyIOAD9a5q4AYM1zmPA==",
      "license": "MIT",
      "dependencies": {
        "prosemirror-changeset": "^2.4.1",
        "prosemirror-commands": "^1.7.1",
        "prosemirror-dropcursor": "^1.8.2",
        "prosemirror-gapcursor": "^1.4.1",
        "prosemirror-history": "^1.5.0",
        "prosemirror-inputrules": "^1.5.1",
        "prosemirror-keymap": "^1.2.3",
        "prosemirror-model": "^1.25.11",
        "prosemirror-schema-list": "^1.5.1",
        "prosemirror-state": "^1.4.4",
        "prosemirror-tables": "^1.8.5",
        "prosemirror-transform": "^1.12.0",
        "prosemirror-view": "^1.42.3"
      },
      "funding": {
        "type": "github",
        "url": "https://github.com/sponsors/ueberdosis"
      }
    },
    "node_modules/@types/hast": {
      "version": "3.0.5",
      "resolved": "https://registry.npmjs.org/@types/hast/-/hast-3.0.5.tgz",
      "integrity": "sha512-rp/ezSWaD1m44dPKICGhiskI13nVr7qTloFwDa/IYkhhf5nzwP+zIQcIJh3WIFSBOy/H1PzB40jPjMDksN4F+g==",
      "license": "MIT",
      "dependencies": {
        "@types/unist": "*"
      }
    },
    "node_modules/@types/unist": {
      "version": "3.0.3",
      "resolved": "https://registry.npmjs.org/@types/unist/-/unist-3.0.3.tgz",
      "integrity": "sha512-ko/gIFJRv177XgZsZcBwnqJN5x/Gien8qNOn0D5bQU/zAzVf9Zt3BlcUiLqhV9y4ARk0GbT3tnUiPNgnTXzc/Q==",
      "license": "MIT"
    },
    "node_modules/@y/prosemirror": {
      "version": "2.0.0-14",
      "resolved": "https://registry.npmjs.org/@y/prosemirror/-/prosemirror-2.0.0-14.tgz",
      "integrity": "sha512-h0j2KWoVig9TxJ/1FjGMAPgLgugUffLCQL7bJvRzahfsNzGICiknGrQevvKpfTQkKcclKXsvmH+/lkFLMzhOhQ==",
      "license": "MIT",
      "dependencies": {
        "@y/y": "^14.0.0-rc.26",
        "lib0": "^1.0.0-rc.32"
      },
      "engines": {
        "node": ">=16.0.0",
        "npm": ">=8.0.0"
      },
      "funding": {
        "type": "GitHub Sponsors ❤",
        "url": "https://github.com/sponsors/dmonad"
      },
      "peerDependencies": {
        "@y/protocols": "^1.0.6-rc.1",
        "prosemirror-model": "^1.7.1",
        "prosemirror-state": "^1.2.3",
        "prosemirror-transform": "^1.8.0",
        "prosemirror-view": "^1.9.10"
      }
    },
    "node_modules/@y/protocols": {
      "version": "1.0.6-rc.1",
      "resolved": "https://registry.npmjs.org/@y/protocols/-/protocols-1.0.6-rc.1.tgz",
      "integrity": "sha512-e/qs7hXcLk/SeNitxMXv2ymozyWFTULwbJEi7cAf/K/iXw9nGwGXHrR5TNluQ/bMwOX1cwuUT0hjEojkfH0gsA==",
      "license": "MIT",
      "dependencies": {
        "lib0": "^1.0.0-rc.1"
      },
      "engines": {
        "node": ">=16.0.0",
        "npm": ">=8.0.0"
      },
      "funding": {
        "type": "GitHub Sponsors ❤",
        "url": "https://github.com/sponsors/dmonad"
      },
      "peerDependencies": {
        "@y/y": "*"
      }
    },
    "node_modules/@y/y": {
      "version": "14.0.0-rc.28",
      "resolved": "https://registry.npmjs.org/@y/y/-/y-14.0.0-rc.28.tgz",
      "integrity": "sha512-Hzw2sSch5RpT4aKz0643LQnoN7qSm63VyWb5D3zzCDEgSe5G0CKu5W7zcAXKDlVwkXg5puKTNX5k/wdVg4LtMA==",
      "license": "MIT",
      "dependencies": {
        "lib0": "^1.0.0-rc.35"
      },
      "engines": {
        "node": ">=22.0.0",
        "npm": ">=8.0.0"
      },
      "funding": {
        "type": "GitHub Sponsors ❤",
        "url": "https://github.com/sponsors/dmonad"
      }
    },
    "node_modules/emoji-mart": {
      "version": "5.6.0",
      "resolved": "https://registry.npmjs.org/emoji-mart/-/emoji-mart-5.6.0.tgz",
      "integrity": "sha512-eJp3QRe79pjwa+duv+n7+5YsNhRcMl812EcFVwrnRvYKoNPoQb5qxU8DG6Bgwji0akHdp6D4Ln6tYLG58MFSow==",
      "license": "MIT"
    },
    "node_modules/fast-deep-equal": {
      "version": "3.1.3",
      "resolved": "https://registry.npmjs.org/fast-deep-equal/-/fast-deep-equal-3.1.3.tgz",
      "integrity": "sha512-f3qQ9oQy9j2AhBe/H9VC91wLmKBCCU/gDOnKNAYG5hswO7BLKj09Hc5HYNz9cGI++xlpDCIgDaitVs03ATR84Q==",
      "license": "MIT"
    },
    "node_modules/lib0": {
      "version": "1.0.0-rc.36",
      "resolved": "https://registry.npmjs.org/lib0/-/lib0-1.0.0-rc.36.tgz",
      "integrity": "sha512-7t/I+PCQqakal22rhXq5giOUtDP/RfecQtdeKvzCtnAvPkxSLAE+/Zvzi/kJDopg+hBAYKo46qmxmlkhX0tYlQ==",
      "license": "MIT",
      "bin": {
        "0ecdsa-generate-keypair": "src/bin/0ecdsa-generate-keypair.js",
        "0gentesthtml": "src/bin/gentesthtml.js",
        "0serve": "src/bin/0serve.js"
      },
      "engines": {
        "node": ">=22"
      },
      "funding": {
        "type": "GitHub Sponsors ❤",
        "url": "https://github.com/sponsors/dmonad"
      }
    },
    "node_modules/orderedmap": {
      "version": "2.1.1",
      "resolved": "https://registry.npmjs.org/orderedmap/-/orderedmap-2.1.1.tgz",
      "integrity": "sha512-TvAWxi0nDe1j/rtMcWcIj94+Ffe6n7zhow33h40SKxmsmozs6dz/e+EajymfoFcHd7sxNn8yHM8839uixMOV6g==",
      "license": "MIT"
    },
    "node_modules/prosemirror-changeset": {
      "version": "2.4.4",
      "resolved": "https://registry.npmjs.org/prosemirror-changeset/-/prosemirror-changeset-2.4.4.tgz",
      "integrity": "sha512-Gyuz9jYdrAeA9I7AholyOes9KUmv/lEwsC5O9s5xF5VB3EgTPsXMGUxz4+H1B+wKVPdZbvRcg1Cp3x8qX+8ofA==",
      "license": "MIT",
      "dependencies": {
        "prosemirror-transform": "^1.0.0"
      }
    },
    "node_modules/prosemirror-commands": {
      "version": "1.7.2",
      "resolved": "https://registry.npmjs.org/prosemirror-commands/-/prosemirror-commands-1.7.2.tgz",
      "integrity": "sha512-q6Q6szxqdu9Xd6EcdKsqXghu5nQdZTpB4Q9yd04WRc7/jt763e/rT60Owh0L1GYY+T46o5rD+9lEN36dZS43tw==",
      "license": "MIT",
      "dependencies": {
        "prosemirror-model": "^1.0.0",
        "prosemirror-state": "^1.0.0",
        "prosemirror-transform": "^1.10.2"
      }
    },
    "node_modules/prosemirror-dropcursor": {
      "version": "1.8.4",
      "resolved": "https://registry.npmjs.org/prosemirror-dropcursor/-/prosemirror-dropcursor-1.8.4.tgz",
      "integrity": "sha512-VmKxhcA6a+h5oPSYmfF1ZNeQqPbyYaIxqZsKqeYCyTlPtrjUgNaHL3P8vVaO19oqAV0zuaM/axkowZHrB1P3Tg==",
      "license": "MIT",
      "dependencies": {
        "prosemirror-state": "^1.0.0",
        "prosemirror-transform": "^1.1.0",
        "prosemirror-view": "^1.1.0"
      }
    },
    "node_modules/prosemirror-gapcursor": {
      "version": "1.4.1",
      "resolved": "https://registry.npmjs.org/prosemirror-gapcursor/-/prosemirror-gapcursor-1.4.1.tgz",
      "integrity": "sha512-pMdYaEnjNMSwl11yjEGtgTmLkR08m/Vl+Jj443167p9eB3HVQKhYCc4gmHVDsLPODfZfjr/MmirsdyZziXbQKw==",
      "license": "MIT",
      "dependencies": {
        "prosemirror-keymap": "^1.0.0",
        "prosemirror-model": "^1.0.0",
        "prosemirror-state": "^1.0.0",
        "prosemirror-view": "^1.0.0"
      }
    },
    "node_modules/prosemirror-highlight": {
      "version": "0.15.3",
      "resolved": "https://registry.npmjs.org/prosemirror-highlight/-/prosemirror-highlight-0.15.3.tgz",
      "integrity": "sha512-WVV2st0fX1w2TkAgmTmdbj77BlWYuLfW4BGXPo8JfIWsSly5xYcfID8QJQL+GT8kisMRuu4jgT6JAqj1DOwvvg==",
      "license": "MIT",
      "funding": {
        "url": "https://github.com/sponsors/ocavue"
      },
      "peerDependencies": {
        "@lezer/common": "^1.0.0",
        "@lezer/highlight": "^1.0.0",
        "@shikijs/types": "^1.29.2 || ^2.0.0 || ^3.0.0 || ^4.0.0",
        "@types/hast": "^3.0.0",
        "highlight.js": "^11.9.0",
        "lowlight": "^3.1.0",
        "prosemirror-model": "^1.19.3",
        "prosemirror-state": "^1.4.3",
        "prosemirror-transform": "^1.8.0",
        "prosemirror-view": "^1.32.4",
        "refractor": "^5.0.0",
        "sugar-high": "^0.6.1 || ^0.7.0 || ^0.8.0 || ^0.9.0 || ^1.0.0"
      },
      "peerDependenciesMeta": {
        "@lezer/common": {
          "optional": true
        },
        "@lezer/highlight": {
          "optional": true
        },
        "@shikijs/types": {
          "optional": true
        },
        "@types/hast": {
          "optional": true
        },
        "highlight.js": {
          "optional": true
        },
        "lowlight": {
          "optional": true
        },
        "prosemirror-model": {
          "optional": true
        },
        "prosemirror-state": {
          "optional": true
        },
        "prosemirror-transform": {
          "optional": true
        },
        "prosemirror-view": {
          "optional": true
        },
        "refractor": {
          "optional": true
        },
        "sugar-high": {
          "optional": true
        }
      }
    },
    "node_modules/prosemirror-history": {
      "version": "1.5.1",
      "resolved": "https://registry.npmjs.org/prosemirror-history/-/prosemirror-history-1.5.1.tgz",
      "integrity": "sha512-onlwnqKvgtFg6srZOmDOAhlAy1FIHQpOExORybX0S+DvJepE5tPALrB9iGet/2sqqqrelSnB10OoiOJqAvu2DA==",
      "license": "MIT",
      "dependencies": {
        "prosemirror-state": "^1.2.2",
        "prosemirror-transform": "^1.0.0",
        "prosemirror-view": "^1.31.0",
        "rope-sequence": "^1.3.0"
      }
    },
    "node_modules/prosemirror-inputrules": {
      "version": "1.5.1",
      "resolved": "https://registry.npmjs.org/prosemirror-inputrules/-/prosemirror-inputrules-1.5.1.tgz",
      "integrity": "sha512-7wj4uMjKaXWAQ1CDgxNzNtR9AlsuwzHfdFH1ygEHA2KHF2DOEaXl1CJfNPAKCg9qNEh4rum975QLaCiQPyY6Fw==",
      "license": "MIT",
      "dependencies": {
        "prosemirror-state": "^1.0.0",
        "prosemirror-transform": "^1.0.0"
      }
    },
    "node_modules/prosemirror-keymap": {
      "version": "1.2.3",
      "resolved": "https://registry.npmjs.org/prosemirror-keymap/-/prosemirror-keymap-1.2.3.tgz",
      "integrity": "sha512-4HucRlpiLd1IPQQXNqeo81BGtkY8Ai5smHhKW9jjPKRc2wQIxksg7Hl1tTI2IfT2B/LgX6bfYvXxEpJl7aKYKw==",
      "license": "MIT",
      "dependencies": {
        "prosemirror-state": "^1.0.0",
        "w3c-keyname": "^2.2.0"
      }
    },
    "node_modules/prosemirror-model": {
      "version": "1.25.12",
      "resolved": "https://registry.npmjs.org/prosemirror-model/-/prosemirror-model-1.25.12.tgz",
      "integrity": "sha512-Ue2gTmXMa7EhpLNhC7J+h4+ykD8ha12K6rrZFFKKJHBForfIStw5gJ6Zrf1mqqAa9NmpmEB4wp9bKmA4eUVjWg==",
      "license": "MIT",
      "dependencies": {
        "orderedmap": "^2.0.0"
      }
    },
    "node_modules/prosemirror-schema-list": {
      "version": "1.5.1",
      "resolved": "https://registry.npmjs.org/prosemirror-schema-list/-/prosemirror-schema-list-1.5.1.tgz",
      "integrity": "sha512-927lFx/uwyQaGwJxLWCZRkjXG0p48KpMj6ueoYiu4JX05GGuGcgzAy62dfiV8eFZftgyBUvLx76RsMe20fJl+Q==",
      "license": "MIT",
      "dependencies": {
        "prosemirror-model": "^1.0.0",
        "prosemirror-state": "^1.0.0",
        "prosemirror-transform": "^1.7.3"
      }
    },
    "node_modules/prosemirror-state": {
      "version": "1.4.4",
      "resolved": "https://registry.npmjs.org/prosemirror-state/-/prosemirror-state-1.4.4.tgz",
      "integrity": "sha512-6jiYHH2CIGbCfnxdHbXZ12gySFY/fz/ulZE333G6bPqIZ4F+TXo9ifiR86nAHpWnfoNjOb3o5ESi7J8Uz1jXHw==",
      "license": "MIT",
      "dependencies": {
        "prosemirror-model": "^1.0.0",
        "prosemirror-transform": "^1.0.0",
        "prosemirror-view": "^1.27.0"
      }
    },
    "node_modules/prosemirror-tables": {
      "version": "1.8.5",
      "resolved": "https://registry.npmjs.org/prosemirror-tables/-/prosemirror-tables-1.8.5.tgz",
      "integrity": "sha512-V/0cDCsHKHe/tfWkeCmthNUcEp1IVO3p6vwN8XtwE9PZQLAZJigbw3QoraAdfJPir4NKJtNvOB8oYGKRl+t0Dw==",
      "license": "MIT",
      "dependencies": {
        "prosemirror-keymap": "^1.2.3",
        "prosemirror-model": "^1.25.4",
        "prosemirror-state": "^1.4.4",
        "prosemirror-transform": "^1.10.5",
        "prosemirror-view": "^1.41.4"
      }
    },
    "node_modules/prosemirror-transform": {
      "version": "1.12.2",
      "resolved": "https://registry.npmjs.org/prosemirror-transform/-/prosemirror-transform-1.12.2.tgz",
      "integrity": "sha512-PE/aY0HEY4zczvmqrilgkUK/WautF0chvMqkmM/iN5/aPHvwrCWaQZjS6CIZp+K84YrvPFqrL+YArrfJX8xX7g==",
      "license": "MIT",
      "dependencies": {
        "prosemirror-model": "^1.21.0"
      }
    },
    "node_modules/prosemirror-view": {
      "version": "1.42.6",
      "resolved": "https://registry.npmjs.org/prosemirror-view/-/prosemirror-view-1.42.6.tgz",
      "integrity": "sha512-3g25f6hKV2bBxo3puH3EcYWmmVNSH0iWmNsMVT7sugDSpA025jgpOLarcDWr39SdzPjYMaiYtRdNtXialPSjEQ==",
      "license": "MIT",
      "dependencies": {
        "prosemirror-model": "^1.25.12",
        "prosemirror-state": "^1.0.0",
        "prosemirror-transform": "^1.1.0"
      }
    },
    "node_modules/rope-sequence": {
      "version": "1.3.4",
      "resolved": "https://registry.npmjs.org/rope-sequence/-/rope-sequence-1.3.4.tgz",
      "integrity": "sha512-UT5EDe2cu2E/6O4igUr5PSFs23nvvukicWHx6GnOPlHAiiYbzNuCRQCuiUdHJQcqKalLKlrYJnjY0ySGsXNQXQ==",
      "license": "MIT"
    },
    "node_modules/w3c-keyname": {
      "version": "2.2.8",
      "resolved": "https://registry.npmjs.org/w3c-keyname/-/w3c-keyname-2.2.8.tgz",
      "integrity": "sha512-dpojBhNsCNN7T82Tm7k26A6G9ML3NkhDsnw9n/eoxSRlVBB4CEtIQ/KTCLI2Fwf3ataSXRhYFkQi3SlnFwPvPQ==",
      "license": "MIT"
    }
  }
}
